
Microsoft Visual Studio Solution File, Format Version 12.00
# Visual Studio Version 17
VisualStudioVersion = 17.12.35527.113 d17.12
MinimumVisualStudioVersion = 10.0.40219.1
Project("{FAE04EC0-301F-11D3-BF4B-00C04F79EFBC}") = "WebApplicationTraining", "WebApplicationTraining\WebApplicationTraining.csproj", "{D44B45D8-B4F1-47E6-BBDC-4EEC21C2FE7C}"
EndProject
Project("{FAE04EC0-301F-11D3-BF4B-00C04F79EFBC}") = "WebApplicationTrainingTests", "WebApplicationTrainingTests\WebApplicationTrainingTests.csproj", "{AC9AC6E0-FCDF-405C-9FEA-FB7CF370474C}"
EndProject
Global
	GlobalSection(SolutionConfigurationPlatforms) = preSolution
		Debug|Any CPU = Debug|Any CPU
		Release|Any CPU = Release|Any CPU
	EndGlobalSection
	GlobalSection(ProjectConfigurationPlatforms) = postSolution
		{D44B45D8-B4F1-47E6-BBDC-4EEC21C2FE7C}.Debug|Any CPU.ActiveCfg = Debug|Any CPU
		{D44B45D8-B4F1-47E6-BBDC-4EEC21C2FE7C}.Debug|Any CPU.Build.0 = Debug|Any CPU
		{D44B45D8-B4F1-47E6-BBDC-4EEC21C2FE7C}.Release|Any CPU.ActiveCfg = Release|Any CPU
		{D44B45D8-B4F1-47E6-BBDC-4EEC21C2FE7C}.Release|Any CPU.Build.0 = Release|Any CPU
		{AC9AC6E0-FCDF-405C-9FEA-FB7CF370474C}.Debug|Any CPU.ActiveCfg = Debug|Any CPU
		{AC9AC6E0-FCDF-405C-9FEA-FB7CF370474C}.Debug|Any CPU.Build.0 = Debug|Any CPU
		{AC9AC6E0-FCDF-405C-9FEA-FB7CF370474C}.Release|Any CPU.ActiveCfg = Release|Any CPU
		{AC9AC6E0-FCDF-405C-9FEA-FB7CF370474C}.Release|Any CPU.Build.0 = Release|Any CPU
	EndGlobalSection
	GlobalSection(SolutionProperties) = preSolution
		HideSolutionNode = FALSE
	EndGlobalSection
EndGlobal
